# THIS IS AN AUTOGENERATED FILE. DO NOT EDIT THIS FILE DIRECTLY.
# yarn lockfile v1


"@sinonjs/commons@^1.7.0":
  version "1.8.6"
  resolved "https://registry.yarnpkg.com/@sinonjs/commons/-/commons-1.8.6.tgz#80c516a4dc264c2a69115e7578d62581ff455ed9"
  integrity sha512-Ky+XkAkqPZSm3NLBeUng77EBQl3cmeJhITaGHdYH8kjVB+aun3S4XBRti2zt17mtt0mIUDiNxYeoJm6drVvBJQ==
  dependencies:
    type-detect "4.0.8"

"@sinonjs/commons@^2.0.0":
  version "2.0.0"
  resolved "https://registry.yarnpkg.com/@sinonjs/commons/-/commons-2.0.0.tgz#fd4ca5b063554307e8327b4564bd56d3b73924a3"
  integrity sha512-uLa0j859mMrg2slwQYdO/AkrOfmH+X6LTVmNTS9CqexuE2IvVORIkSpJLqePAbEnKJ77aMmCwr1NUZ57120Xcg==
  dependencies:
    type-detect "4.0.8"

"@sinonjs/fake-timers@^7.0.4":
  version "7.1.2"
  resolved "https://registry.yarnpkg.com/@sinonjs/fake-timers/-/fake-timers-7.1.2.tgz#2524eae70c4910edccf99b2f4e6efc5894aff7b5"
  integrity sha512-iQADsW4LBMISqZ6Ci1dupJL9pprqwcVFTcOsEmQOEhW+KLCVn/Y4Jrvg2k19fIHCp+iFprriYPTdRcQR8NbUPg==
  dependencies:
    "@sinonjs/commons" "^1.7.0"

"@sinonjs/fake-timers@^9.1.2":
  version "9.1.2"
  resolved "https://registry.yarnpkg.com/@sinonjs/fake-timers/-/fake-timers-9.1.2.tgz#4eaab737fab77332ab132d396a3c0d364bd0ea8c"
  integrity sha512-BPS4ynJW/o92PUR4wgriz2Ud5gpST5vz6GQfMixEDK0Z8ZCUv2M7SkBLykH56T++Xs+8ln9zTGbOvNGIe02/jw==
  dependencies:
    "@sinonjs/commons" "^1.7.0"

"@sinonjs/samsam@^7.0.1":
  version "7.0.1"
  resolved "https://registry.yarnpkg.com/@sinonjs/samsam/-/samsam-7.0.1.tgz#5b5fa31c554636f78308439d220986b9523fc51f"
  integrity sha512-zsAk2Jkiq89mhZovB2LLOdTCxJF4hqqTToGP0ASWlhp4I1hqOjcfmZGafXntCN7MDC6yySH0mFHrYtHceOeLmw==
  dependencies:
    "@sinonjs/commons" "^2.0.0"
    lodash.get "^4.4.2"
    type-detect "^4.0.8"

"@sinonjs/text-encoding@^0.7.1":
  version "0.7.2"
  resolved "https://registry.yarnpkg.com/@sinonjs/text-encoding/-/text-encoding-0.7.2.tgz#5981a8db18b56ba38ef0efb7d995b12aa7b51918"
  integrity sha512-sXXKG+uL9IrKqViTtao2Ws6dy0znu9sOaP1di/jKGW1M6VssO8vlpXCQcpZ+jisQ1tTFAC5Jo/EOzFbggBagFQ==

diff@^5.0.0:
  version "5.1.0"
  resolved "https://registry.yarnpkg.com/diff/-/diff-5.1.0.tgz#bc52d298c5ea8df9194800224445ed43ffc87e40"
  integrity sha512-D+mk+qE8VC/PAUrlAU34N+VfXev0ghe5ywmpqrawphmVZc1bEfn56uo9qpyGp1p4xpzOHkSW4ztBd6L7Xx4ACw==

has-flag@^4.0.0:
  version "4.0.0"
  resolved "https://registry.yarnpkg.com/has-flag/-/has-flag-4.0.0.tgz#944771fd9c81c81265c4d6941860da06bb59479b"
  integrity sha512-EykJT/Q1KjTWctppgIAgfSO0tKVuZUjhgMr17kqTumMl6Afv3EISleU7qZUzoXDFTAHTDC4NOoG/ZxU3EvlMPQ==

isarray@0.0.1:
  version "0.0.1"
  resolved "https://registry.yarnpkg.com/isarray/-/isarray-0.0.1.tgz#8a18acfca9a8f4177e09abfc6038939b05d1eedf"
  integrity sha512-D2S+3GLxWH+uhrNEcoh/fnmYeP8E8/zHl644d/jdA0g2uyXvy3sb0qxotE+ne0LtccHknQzWwZEzhak7oJ0COQ==

just-extend@^4.0.2:
  version "4.2.1"
  resolved "https://registry.yarnpkg.com/just-extend/-/just-extend-4.2.1.tgz#ef5e589afb61e5d66b24eca749409a8939a8c744"
  integrity sha512-g3UB796vUFIY90VIv/WX3L2c8CS2MdWUww3CNrYmqza1Fg0DURc2K/O4YrnklBdQarSJ/y8JnJYDGc+1iumQjg==

lodash.get@^4.4.2:
  version "4.4.2"
  resolved "https://registry.yarnpkg.com/lodash.get/-/lodash.get-4.4.2.tgz#2d177f652fa31e939b4438d5341499dfa3825e99"
  integrity sha512-z+Uw/vLuy6gQe8cfaFWD7p0wVv8fJl3mbzXh33RS+0oW2wvUqiRXiQ69gLWSLpgB5/6sU+r6BlQR0MBILadqTQ==

nise@^5.1.2:
  version "5.1.3"
  resolved "https://registry.yarnpkg.com/nise/-/nise-5.1.3.tgz#f46197e5f60ae9a96401b602bd9d8239b1ee8656"
  integrity sha512-U597iWTTBBYIV72986jyU382/MMZ70ApWcRmkoF1AZ75bpqOtI3Gugv/6+0jLgoDOabmcSwYBkSSAWIp1eA5cg==
  dependencies:
    "@sinonjs/commons" "^2.0.0"
    "@sinonjs/fake-timers" "^7.0.4"
    "@sinonjs/text-encoding" "^0.7.1"
    just-extend "^4.0.2"
    path-to-regexp "^1.7.0"

path-to-regexp@^1.7.0:
  version "1.8.0"
  resolved "https://registry.yarnpkg.com/path-to-regexp/-/path-to-regexp-1.8.0.tgz#887b3ba9d84393e87a0a0b9f4cb756198b53548a"
  integrity sha512-n43JRhlUKUAlibEJhPeir1ncUID16QnEjNpwzNdO3Lm4ywrBpBZ5oLD0I6br9evr1Y9JTqwRtAh7JLoOzAQdVA==
  dependencies:
    isarray "0.0.1"

sinon@^15.0.0:
  version "15.0.0"
  resolved "https://registry.yarnpkg.com/sinon/-/sinon-15.0.0.tgz#651a641b45c0a57aabc8275343c7108cffc9c062"
  integrity sha512-pV97G1GbslaSJoSdy2F2z8uh5F+uPGp3ddOzA4JsBOUBLEQRz2OAqlKGRFTSh2KiqUCmHkzyAeu7R4x1Hx0wwg==
  dependencies:
    "@sinonjs/commons" "^2.0.0"
    "@sinonjs/fake-timers" "^9.1.2"
    "@sinonjs/samsam" "^7.0.1"
    diff "^5.0.0"
    nise "^5.1.2"
    supports-color "^7.2.0"

supports-color@^7.2.0:
  version "7.2.0"
  resolved "https://registry.yarnpkg.com/supports-color/-/supports-color-7.2.0.tgz#1b7dcdcb32b8138801b3e478ba6a51caa89648da"
  integrity sha512-qpCAvRl9stuOHveKsn7HncJRvv501qIacKzQlO/+Lwxc9+0q2wLyv4Dfvt80/DPn2pqOBsJdDiogXGR9+OvwRw==
  dependencies:
    has-flag "^4.0.0"

type-detect@4.0.8, type-detect@^4.0.8:
  version "4.0.8"
  resolved "https://registry.yarnpkg.com/type-detect/-/type-detect-4.0.8.tgz#7646fb5f18871cfbb7749e69bd39a6388eb7450c"
  integrity sha512-0fr/mIH1dlO+x7TlcMy+bIDqKPsw/70tVyeHW787goQjhmqaZe10uwLujubK9q9Lg6Fiho1KUKDYz0Z7k7g5/g==
